github.com/quackduck/aces v1.2.1 h1:T5Pp7zwP21Oua5kyN92/ODzpSbRvr7Eazh1dlP2GhHs=
github.com/quackduck/aces v1.2.1/go.mod h1:vYQb2Re9/zAjQhTsr5eG3jtOz0iLY/Ris8Cc5e0IxXQ=
github.com/quackduck/aces/v2 v2.2.4 h1:0vyLzsedncHpBoqYUPU7RTfGuXMfGoUracpDsfOM/Y0=
github.com/quackduck/aces/v2 v2.2.4/go.mod h1:qetNncozEsd0YeiA+R9dzE91kHYfWIfy/0cR2Qzamhc=
